
Microsoft Visual Studio Solution File, Format Version 12.00
# Visual Studio Version 16
VisualStudioVersion = 16.0.31402.337
MinimumVisualStudioVersion = 10.0.40219.1
Project("{9A19103F-16F7-4668-BE54-9A1E7A4F7556}") = "AspNet5Desafio", "AspNet5Desafio.csproj", "{A0D56E61-CD17-4853-959C-95EC72DB74FC}"
EndProject
Global
	GlobalSection(SolutionConfigurationPlatforms) = preSolution
		Debug|Any CPU = Debug|Any CPU
		Release|Any CPU = Release|Any CPU
	EndGlobalSection
	GlobalSection(ProjectConfigurationPlatforms) = postSolution
		{A0D56E61-CD17-4853-959C-95EC72DB74FC}.Debug|Any CPU.ActiveCfg = Debug|Any CPU
		{A0D56E61-CD17-4853-959C-95EC72DB74FC}.Debug|Any CPU.Build.0 = Debug|Any CPU
		{A0D56E61-CD17-4853-959C-95EC72DB74FC}.Release|Any CPU.ActiveCfg = Release|Any CPU
		{A0D56E61-CD17-4853-959C-95EC72DB74FC}.Release|Any CPU.Build.0 = Release|Any CPU
	EndGlobalSection
	GlobalSection(SolutionProperties) = preSolution
		HideSolutionNode = FALSE
	EndGlobalSection
	GlobalSection(ExtensibilityGlobals) = postSolution
		SolutionGuid = {92D8BA51-474E-4703-8EF2-AB7B09155A0B}
	EndGlobalSection
EndGlobal
